
Microsoft Visual Studio Solution File, Format Version 12.00
# Visual Studio 2013
VisualStudioVersion = 12.0.31101.0
MinimumVisualStudioVersion = 10.0.40219.1
Project("{FAE04EC0-301F-11D3-BF4B-00C04F79EFBC}") = "TestApp", "WebApplication1\TestApp.csproj", "{FA2120E1-F4A6-421A-A9C0-1726FA31C083}"
EndProject
Project("{FAE04EC0-301F-11D3-BF4B-00C04F79EFBC}") = "WebApplication1.Tests", "WebApplication1.Tests\WebApplication1.Tests.csproj", "{82A307AD-FC73-4DB7-A20A-193738E31F65}"
EndProject
Project("{FAE04EC0-301F-11D3-BF4B-00C04F79EFBC}") = "midtest", "midtest\midtest.csproj", "{F1116444-EEE8-4218-A89D-5A0D79849DD4}"
EndProject
Project("{FAE04EC0-301F-11D3-BF4B-00C04F79EFBC}") = "TestCore", "TestCore\TestCore.csproj", "{6D7389AD-F851-494F-8466-3F4AD8351C3B}"
EndProject
Global
	GlobalSection(SolutionConfigurationPlatforms) = preSolution
		Debug|Any CPU = Debug|Any CPU
		Release|Any CPU = Release|Any CPU
	EndGlobalSection
	GlobalSection(ProjectConfigurationPlatforms) = postSolution
		{FA2120E1-F4A6-421A-A9C0-1726FA31C083}.Debug|Any CPU.ActiveCfg = Debug|Any CPU
		{FA2120E1-F4A6-421A-A9C0-1726FA31C083}.Debug|Any CPU.Build.0 = Debug|Any CPU
		{FA2120E1-F4A6-421A-A9C0-1726FA31C083}.Release|Any CPU.ActiveCfg = Release|Any CPU
		{FA2120E1-F4A6-421A-A9C0-1726FA31C083}.Release|Any CPU.Build.0 = Release|Any CPU
		{82A307AD-FC73-4DB7-A20A-193738E31F65}.Debug|Any CPU.ActiveCfg = Debug|Any CPU
		{82A307AD-FC73-4DB7-A20A-193738E31F65}.Debug|Any CPU.Build.0 = Debug|Any CPU
		{82A307AD-FC73-4DB7-A20A-193738E31F65}.Release|Any CPU.ActiveCfg = Release|Any CPU
		{82A307AD-FC73-4DB7-A20A-193738E31F65}.Release|Any CPU.Build.0 = Release|Any CPU
		{F1116444-EEE8-4218-A89D-5A0D79849DD4}.Debug|Any CPU.ActiveCfg = Debug|Any CPU
		{F1116444-EEE8-4218-A89D-5A0D79849DD4}.Debug|Any CPU.Build.0 = Debug|Any CPU
		{F1116444-EEE8-4218-A89D-5A0D79849DD4}.Release|Any CPU.ActiveCfg = Release|Any CPU
		{F1116444-EEE8-4218-A89D-5A0D79849DD4}.Release|Any CPU.Build.0 = Release|Any CPU
		{6D7389AD-F851-494F-8466-3F4AD8351C3B}.Debug|Any CPU.ActiveCfg = Debug|Any CPU
		{6D7389AD-F851-494F-8466-3F4AD8351C3B}.Debug|Any CPU.Build.0 = Debug|Any CPU
		{6D7389AD-F851-494F-8466-3F4AD8351C3B}.Release|Any CPU.ActiveCfg = Release|Any CPU
		{6D7389AD-F851-494F-8466-3F4AD8351C3B}.Release|Any CPU.Build.0 = Release|Any CPU
	EndGlobalSection
	GlobalSection(SolutionProperties) = preSolution
		HideSolutionNode = FALSE
	EndGlobalSection
EndGlobal
